// !$*UTF8*$!
{
	archiveVersion = 1;
	classes = {
	};
	objectVersion = 77;
	objects = {

/* Begin PBXBuildFile section */
		0470680ADE2F45AF53C9277D /* WireGuardTURN.xcframework in Frameworks */ = {isa = PBXBuildFile; fileRef = 99E2AC40D13D6F8DD598752A /* WireGuardTURN.xcframework */; };
		118478458E595AEBEEA20266 /* TunnelManager.swift in Sources */ = {isa = PBXBuildFile; fileRef = E74B178DC212A229BC8565F4 /* TunnelManager.swift */; };
		121CB1E4F13DAA593FF6B4D9 /* AppEntitlements.swift in Sources */ = {isa = PBXBuildFile; fileRef = 0725E9EC1D6D9B4E406EB36B /* AppEntitlements.swift */; };
		162CCBC282209653F9411135 /* UplinkSynth.swift in Sources */ = {isa = PBXBuildFile; fileRef = 3E54813375C73B53E9094558 /* UplinkSynth.swift */; };
		1B2231DF1954F65A65A76DF6 /* WireGuardTURN.xcframework in Frameworks */ = {isa = PBXBuildFile; fileRef = 99E2AC40D13D6F8DD598752A /* WireGuardTURN.xcframework */; };
		2258C22D99B69A76D003E18E /* SpeedTestResultView.swift in Sources */ = {isa = PBXBuildFile; fileRef = 659F62CE4BD2601F9F460E16 /* SpeedTestResultView.swift */; };
		2263C90DC75E56A0D637B2B4 /* CredCache.swift in Sources */ = {isa = PBXBuildFile; fileRef = B72BF34DDA41B9171843CDA5 /* CredCache.swift */; };
		23FB3FA154A0B74AE5DFB39C /* ConfigValidation.swift in Sources */ = {isa = PBXBuildFile; fileRef = 0ACB6146869BD6DC55039EC2 /* ConfigValidation.swift */; };
		302CCA96A99CD22B03E23267 /* AppIntents.framework in Frameworks */ = {isa = PBXBuildFile; fileRef = 41F2E4485000AF848A0CFE03 /* AppIntents.framework */; };
		345D04790140FC9B1A31AC79 /* SpeedTestView.swift in Sources */ = {isa = PBXBuildFile; fileRef = 45D5497E7CB6997DF2AEBA06 /* SpeedTestView.swift */; };
		34A869BAE79B9DB63568AC30 /* ServerEditView.swift in Sources */ = {isa = PBXBuildFile; fileRef = 16894D17BB018EECDC8F01FF /* ServerEditView.swift */; };
		3A39EA7CCA17B5386327D0EA /* VKTurnProxyWidgetBundle.swift in Sources */ = {isa = PBXBuildFile; fileRef = B9126F72D30AE6D3503CC167 /* VKTurnProxyWidgetBundle.swift */; };
		3A638CAC10B3F4B84965F83F /* LiveActivityIntents.swift in Sources */ = {isa = PBXBuildFile; fileRef = CFF216A96C8B2716DA861C50 /* LiveActivityIntents.swift */; };
		3D58582FE4875B99820DE058 /* SpeedTestPath.swift in Sources */ = {isa = PBXBuildFile; fileRef = 642EE859E329B8CA42D7FEB6 /* SpeedTestPath.swift */; };
		3F33AE79B74735B536FE1D31 /* SharedLogger.swift in Sources */ = {isa = PBXBuildFile; fileRef = A648919F90B0D8CBE826BC6E /* SharedLogger.swift */; };
		4AECEBA5AD6EEA34A18281C0 /* SpeedTestServerList.swift in Sources */ = {isa = PBXBuildFile; fileRef = DC7C5DA2979EF658A4117B58 /* SpeedTestServerList.swift */; };
		4CED034D8AD400C0702E369A /* VKCookieStore.swift in Sources */ = {isa = PBXBuildFile; fileRef = D5927A5725339CB3E0F08E4B /* VKCookieStore.swift */; };
		4FB5626AA1842BFC42564DBF /* PacketTunnel.appex in Embed Foundation Extensions */ = {isa = PBXBuildFile; fileRef = E28ACD6367F3CDE026C71A36 /* PacketTunnel.appex */; settings = {ATTRIBUTES = (RemoveHeadersOnCopy, ); }; };
		50AF389CBE3BAA5A56C452A6 /* DirectRouteSync.swift in Sources */ = {isa = PBXBuildFile; fileRef = 1282B32632D21838CCD72924 /* DirectRouteSync.swift */; };
		5474956678AC676C6E7AE2E6 /* Assets.xcassets in Resources */ = {isa = PBXBuildFile; fileRef = 50685ED014984982ABF8CF0C /* Assets.xcassets */; };
		548E254EF4C178FACD9DCAF6 /* VKAuthWebView.swift in Sources */ = {isa = PBXBuildFile; fileRef = B15C079F499D57B27E1635DE /* VKAuthWebView.swift */; };
		54BDFA3B7322033AA76D1C66 /* UplinkPaceSync.swift in Sources */ = {isa = PBXBuildFile; fileRef = 2842251868A37320A5C238F2 /* UplinkPaceSync.swift */; };
		55808C77B750142FE667ECDE /* VPNConfigFailure.swift in Sources */ = {isa = PBXBuildFile; fileRef = 54B78245B4410AB09F5B6E47 /* VPNConfigFailure.swift */; };
		5A51F39BC5B490E741582E37 /* DisconnectReason.swift in Sources */ = {isa = PBXBuildFile; fileRef = 146B18C17C1A93DCF5F73315 /* DisconnectReason.swift */; };
		5BFFE56605C7A3D0A4672924 /* VKTurnProxyApp.swift in Sources */ = {isa = PBXBuildFile; fileRef = FDE10D4B4A2BE32E0DD5E3D4 /* VKTurnProxyApp.swift */; };
		6481DAB30DAF3572C55089E0 /* TunnelMTU.swift in Sources */ = {isa = PBXBuildFile; fileRef = C80CE8603F45C625FABAC090 /* TunnelMTU.swift */; };
		652C39DB65907355CDF83B99 /* UplinkPace.swift in Sources */ = {isa = PBXBuildFile; fileRef = 422D7F513A45A12E8A142AA1 /* UplinkPace.swift */; };
		6795B707AE033110D01EB135 /* AppIntents.framework in Frameworks */ = {isa = PBXBuildFile; fileRef = 41F2E4485000AF848A0CFE03 /* AppIntents.framework */; };
		69634039BA6025FF5BECEBF7 /* ProxyConfigRedaction.swift in Sources */ = {isa = PBXBuildFile; fileRef = 1C7C4C08873404E9AB6C562A /* ProxyConfigRedaction.swift */; };
		6C715D35A7DE938BCED16E7A /* ServerStore.swift in Sources */ = {isa = PBXBuildFile; fileRef = FC7905B75584E8ECB5B29CDF /* ServerStore.swift */; };
		74676C96495AC72E7D7C7EB5 /* TunnelMTU.swift in Sources */ = {isa = PBXBuildFile; fileRef = C80CE8603F45C625FABAC090 /* TunnelMTU.swift */; };
		7CA072A4E64691BE582D450C /* RoutingShortcuts.swift in Sources */ = {isa = PBXBuildFile; fileRef = 41B2D2BACDE5E78E1E2E72C2 /* RoutingShortcuts.swift */; };
		7D5BE8912D686FBFB3143EA1 /* NetworkExtension.framework in Frameworks */ = {isa = PBXBuildFile; fileRef = 605ED1D89D0F1886A8414767 /* NetworkExtension.framework */; };
		7EB391317C3311B5283FC9AD /* WidgetKit.framework in Frameworks */ = {isa = PBXBuildFile; fileRef = DDB21244CBAB1A5B17A5CF06 /* WidgetKit.framework */; };
		82CCE35CF361F2FC25A6388B /* SpeedTestLog.swift in Sources */ = {isa = PBXBuildFile; fileRef = 6F8FEAB45E642DBC5ACA8FF7 /* SpeedTestLog.swift */; };
		8B3730E4522EA4838D0D2F77 /* VPNLiveActivity.swift in Sources */ = {isa = PBXBuildFile; fileRef = 58612E89BCBF7234C05D3831 /* VPNLiveActivity.swift */; };
		90CBABBC0C21BE682CF22ACF /* OSLogReader.swift in Sources */ = {isa = PBXBuildFile; fileRef = B579DDFDDB7800E681CAC9C4 /* OSLogReader.swift */; };
		93DB8A55F33CCF80C672B562 /* VKOAuthWebView.swift in Sources */ = {isa = PBXBuildFile; fileRef = A8330245254538EE46DB7157 /* VKOAuthWebView.swift */; };
		96F82C428BBBE30E65182344 /* ContentView.swift in Sources */ = {isa = PBXBuildFile; fileRef = A3F6AB47B5515172AD460053 /* ContentView.swift */; };
		999F3FA557EC56BCA1B6E621 /* SpeedTestRunConfig.swift in Sources */ = {isa = PBXBuildFile; fileRef = EB135B4462CB26B12E38DA9E /* SpeedTestRunConfig.swift */; };
		9AB3F0D748CDDAD60116724D /* SpeedTestRunner.swift in Sources */ = {isa = PBXBuildFile; fileRef = 36E73E0DF37AA0D09E935FC6 /* SpeedTestRunner.swift */; };
		9AF94263F91A1841F2B88B04 /* AdvancedView.swift in Sources */ = {isa = PBXBuildFile; fileRef = AC23EC10E8345DCDF502ACA0 /* AdvancedView.swift */; };
		9FC59D2A14AA5E66C86F6C95 /* OSLogReader.swift in Sources */ = {isa = PBXBuildFile; fileRef = B579DDFDDB7800E681CAC9C4 /* OSLogReader.swift */; };
		A02BF48D27F1B0BCFADA8912 /* ConnectionLinkInbox.swift in Sources */ = {isa = PBXBuildFile; fileRef = 9BFB01AD2F5F70DE3F7A4A8C /* ConnectionLinkInbox.swift */; };
		A5F981BC28E1E88C8DE0F804 /* SessionServer.swift in Sources */ = {isa = PBXBuildFile; fileRef = A54CED450E2D5EC00BF655D8 /* SessionServer.swift */; };
		A91D8A56BEB9208F5DB59DD6 /* SpeedTestServerPicker.swift in Sources */ = {isa = PBXBuildFile; fileRef = 7C7ECFED5F30EC971C412EFC /* SpeedTestServerPicker.swift */; };
		AACB3A08FC4C5ACF9B5D9FE0 /* VPNActivityAttributes.swift in Sources */ = {isa = PBXBuildFile; fileRef = 284043E2EA6CAC284FF241D3 /* VPNActivityAttributes.swift */; };
		AE025DA7D5CF543AFACF6F20 /* VKCookieStore.swift in Sources */ = {isa = PBXBuildFile; fileRef = D5927A5725339CB3E0F08E4B /* VKCookieStore.swift */; };
		B1B5B221672B08CCCC35BE51 /* PacketTunnelProvider.swift in Sources */ = {isa = PBXBuildFile; fileRef = 4D06132B25271A4E9DA8F0C6 /* PacketTunnelProvider.swift */; };
		C272EDFB69425D4F95736DE9 /* LiveActivityController.swift in Sources */ = {isa = PBXBuildFile; fileRef = 8B1A512B35CE1D505CB1A3CD /* LiveActivityController.swift */; };
		C283D9BDC8B44E083F84A76B /* ConnectionReport.swift in Sources */ = {isa = PBXBuildFile; fileRef = 54AD060976AEB359770E134A /* ConnectionReport.swift */; };
		C414EAD88CD3819206A6E93F /* ServerProfile.swift in Sources */ = {isa = PBXBuildFile; fileRef = 833BDC3A0FA5D02DCB09DB59 /* ServerProfile.swift */; };
		C9769AD0AB647DBA7F10F174 /* SwiftUI.framework in Frameworks */ = {isa = PBXBuildFile; fileRef = C3A5B4FA5218B9A32CDB5F78 /* SwiftUI.framework */; };
		CBF9B6203060C546C778DABA /* AppConfig.swift in Sources */ = {isa = PBXBuildFile; fileRef = AD358E048E7135E1596359E1 /* AppConfig.swift */; };
		CFADBA590C4935186A057FB9 /* LiveActivityIntents.swift in Sources */ = {isa = PBXBuildFile; fileRef = CFF216A96C8B2716DA861C50 /* LiveActivityIntents.swift */; };
		D51B685C21E726518A413AF3 /* ConnectionLinkImport.swift in Sources */ = {isa = PBXBuildFile; fileRef = 975F526A4188951C5B37166D /* ConnectionLinkImport.swift */; };
		E0F6CA7385F3718A0A9CD3FC /* KeyboardDismisser.swift in Sources */ = {isa = PBXBuildFile; fileRef = 6D9ADA67065E63261009BBE2 /* KeyboardDismisser.swift */; };
		E1250E1BF6D8FBFBCCFB25BF /* VKProfileCache.swift in Sources */ = {isa = PBXBuildFile; fileRef = 48CEB6CB28E1CC064B6D8C79 /* VKProfileCache.swift */; };
		E81C2A079BD562EA18ED30FF /* DirectRouteSync.swift in Sources */ = {isa = PBXBuildFile; fileRef = 1282B32632D21838CCD72924 /* DirectRouteSync.swift */; };
		EB460C0EF55043B900C0A58A /* DirectOutcome.swift in Sources */ = {isa = PBXBuildFile; fileRef = 0E39A2C99999A2CD35D462DF /* DirectOutcome.swift */; };
		EC655ABF39382FEE687B5F44 /* TunnelBackend.swift in Sources */ = {isa = PBXBuildFile; fileRef = 0637E9F13ED224A520932604 /* TunnelBackend.swift */; };
		EED41432670F89B23A9658A9 /* VKTurnProxyWidget.appex in Embed Foundation Extensions */ = {isa = PBXBuildFile; fileRef = 196C853F06BE5F3D3202EA2D /* VKTurnProxyWidget.appex */; settings = {ATTRIBUTES = (RemoveHeadersOnCopy, ); }; };
		F0801AAE2F21FAF8BBED6622 /* VKCallsAPI.swift in Sources */ = {isa = PBXBuildFile; fileRef = EB18A0573ABD15BB23B9E7D7 /* VKCallsAPI.swift */; };
		F11AED7C7036E8FA47F81179 /* AppEntitlements.swift in Sources */ = {isa = PBXBuildFile; fileRef = 0725E9EC1D6D9B4E406EB36B /* AppEntitlements.swift */; };
		F267CCB8F5610405E7232543 /* SpeedTestWire.swift in Sources */ = {isa = PBXBuildFile; fileRef = 2ED7D00C3274E16741E0FFE0 /* SpeedTestWire.swift */; };
		F32EA8BA9CCC4E95BD4DFA12 /* NetworkExtension.framework in Frameworks */ = {isa = PBXBuildFile; fileRef = 605ED1D89D0F1886A8414767 /* NetworkExtension.framework */; };
		F5781EB3D4D7E0467DC2A5F5 /* SharedLogger.swift in Sources */ = {isa = PBXBuildFile; fileRef = A648919F90B0D8CBE826BC6E /* SharedLogger.swift */; };
		FA901143C99CD52D42FB6916 /* VPNActivityAttributes.swift in Sources */ = {isa = PBXBuildFile; fileRef = 284043E2EA6CAC284FF241D3 /* VPNActivityAttributes.swift */; };
		FD1864DD0B5915A3945CE086 /* BackupManager.swift in Sources */ = {isa = PBXBuildFile; fileRef = 4D13B015BF30B930DDDB8BBF /* BackupManager.swift */; };
/* End PBXBuildFile section */

/* Begin PBXContainerItemProxy section */
		CC072318DA799AE0CA1302A5 /* PBXContainerItemProxy */ = {
			isa = PBXContainerItemProxy;
			containerPortal = 5024C6C147B3FDF72E10E537 /* Project object */;
			proxyType = 1;
			remoteGlobalIDString = 9D905D7FE59C8989EDCF21EC;
			remoteInfo = VKTurnProxyWidget;
		};
		DC1BB6D5C784F7552F468357 /* PBXContainerItemProxy */ = {
			isa = PBXContainerItemProxy;
			containerPortal = 5024C6C147B3FDF72E10E537 /* Project object */;
			proxyType = 1;
			remoteGlobalIDString = DC014AC2B8038EB7433CDED3;
			remoteInfo = PacketTunnel;
		};
/* End PBXContainerItemProxy section */

/* Begin PBXCopyFilesBuildPhase section */
		2350F4F39BFDD430EFA37AAC /* Embed Foundation Extensions */ = {
			isa = PBXCopyFilesBuildPhase;
			buildActionMask = 2147483647;
			dstPath = "";
			dstSubfolderSpec = 13;
			files = (
				4FB5626AA1842BFC42564DBF /* PacketTunnel.appex in Embed Foundation Extensions */,
				EED41432670F89B23A9658A9 /* VKTurnProxyWidget.appex in Embed Foundation Extensions */,
			);
			name = "Embed Foundation Extensions";
			runOnlyForDeploymentPostprocessing = 0;
		};
/* End PBXCopyFilesBuildPhase section */

/* Begin PBXFileReference section */
		00AF3235469FAE0005F97B29 /* BridgeHeader.h */ = {isa = PBXFileReference; lastKnownFileType = sourcecode.c.h; path = BridgeHeader.h; sourceTree = "<group>"; };
		0637E9F13ED224A520932604 /* TunnelBackend.swift */ = {isa = PBXFileReference; lastKnownFileType = sourcecode.swift; path = TunnelBackend.swift; sourceTree = "<group>"; };
		0725E9EC1D6D9B4E406EB36B /* AppEntitlements.swift */ = {isa = PBXFileReference; lastKnownFileType = sourcecode.swift; path = AppEntitlements.swift; sourceTree = "<group>"; };
		0ACB6146869BD6DC55039EC2 /* ConfigValidation.swift */ = {isa = PBXFileReference; lastKnownFileType = sourcecode.swift; path = ConfigValidation.swift; sourceTree = "<group>"; };
		0E39A2C99999A2CD35D462DF /* DirectOutcome.swift */ = {isa = PBXFileReference; lastKnownFileType = sourcecode.swift; path = DirectOutcome.swift; sourceTree = "<group>"; };
		1282B32632D21838CCD72924 /* DirectRouteSync.swift */ = {isa = PBXFileReference; lastKnownFileType = sourcecode.swift; path = DirectRouteSync.swift; sourceTree = "<group>"; };
		12A7A42ADDB7D021CA9C8352 /* VKTurnProxy.entitlements */ = {isa = PBXFileReference; lastKnownFileType = text.plist.entitlements; path = VKTurnProxy.entitlements; sourceTree = "<group>"; };
		146B18C17C1A93DCF5F73315 /* DisconnectReason.swift */ = {isa = PBXFileReference; lastKnownFileType = sourcecode.swift; path = DisconnectReason.swift; sourceTree = "<group>"; };
		16894D17BB018EECDC8F01FF /* ServerEditView.swift */ = {isa = PBXFileReference; lastKnownFileType = sourcecode.swift; path = ServerEditView.swift; sourceTree = "<group>"; };
		17FC00C95995BA91DADA2EB3 /* Info.plist */ = {isa = PBXFileReference; lastKnownFileType = text.plist; path = Info.plist; sourceTree = "<group>"; };
		196C853F06BE5F3D3202EA2D /* VKTurnProxyWidget.appex */ = {isa = PBXFileReference; includeInIndex = 0; lastKnownFileType = "wrapper.app-extension"; path = VKTurnProxyWidget.appex; sourceTree = BUILT_PRODUCTS_DIR; };
		1C7C4C08873404E9AB6C562A /* ProxyConfigRedaction.swift */ = {isa = PBXFileReference; lastKnownFileType = sourcecode.swift; path = ProxyConfigRedaction.swift; sourceTree = "<group>"; };
		284043E2EA6CAC284FF241D3 /* VPNActivityAttributes.swift */ = {isa = PBXFileReference; lastKnownFileType = sourcecode.swift; path = VPNActivityAttributes.swift; sourceTree = "<group>"; };
		2842251868A37320A5C238F2 /* UplinkPaceSync.swift */ = {isa = PBXFileReference; lastKnownFileType = sourcecode.swift; path = UplinkPaceSync.swift; sourceTree = "<group>"; };
		2ED7D00C3274E16741E0FFE0 /* SpeedTestWire.swift */ = {isa = PBXFileReference; lastKnownFileType = sourcecode.swift; path = SpeedTestWire.swift; sourceTree = "<group>"; };
		36E73E0DF37AA0D09E935FC6 /* SpeedTestRunner.swift */ = {isa = PBXFileReference; lastKnownFileType = sourcecode.swift; path = SpeedTestRunner.swift; sourceTree = "<group>"; };
		3979E0E80EBC90588B51D4A5 /* Info.plist */ = {isa = PBXFileReference; lastKnownFileType = text.plist; path = Info.plist; sourceTree = "<group>"; };
		3E54813375C73B53E9094558 /* UplinkSynth.swift */ = {isa = PBXFileReference; lastKnownFileType = sourcecode.swift; path = UplinkSynth.swift; sourceTree = "<group>"; };
		41B2D2BACDE5E78E1E2E72C2 /* RoutingShortcuts.swift */ = {isa = PBXFileReference; lastKnownFileType = sourcecode.swift; path = RoutingShortcuts.swift; sourceTree = "<group>"; };
		41F2E4485000AF848A0CFE03 /* AppIntents.framework */ = {isa = PBXFileReference; lastKnownFileType = wrapper.framework; name = AppIntents.framework; path = System/Library/Frameworks/AppIntents.framework; sourceTree = SDKROOT; };
		422D7F513A45A12E8A142AA1 /* UplinkPace.swift */ = {isa = PBXFileReference; lastKnownFileType = sourcecode.swift; path = UplinkPace.swift; sourceTree = "<group>"; };
		45D5497E7CB6997DF2AEBA06 /* SpeedTestView.swift */ = {isa = PBXFileReference; lastKnownFileType = sourcecode.swift; path = SpeedTestView.swift; sourceTree = "<group>"; };
		48CEB6CB28E1CC064B6D8C79 /* VKProfileCache.swift */ = {isa = PBXFileReference; lastKnownFileType = sourcecode.swift; path = VKProfileCache.swift; sourceTree = "<group>"; };
		4D06132B25271A4E9DA8F0C6 /* PacketTunnelProvider.swift */ = {isa = PBXFileReference; lastKnownFileType = sourcecode.swift; path = PacketTunnelProvider.swift; sourceTree = "<group>"; };
		4D13B015BF30B930DDDB8BBF /* BackupManager.swift */ = {isa = PBXFileReference; lastKnownFileType = sourcecode.swift; path = BackupManager.swift; sourceTree = "<group>"; };
		50685ED014984982ABF8CF0C /* Assets.xcassets */ = {isa = PBXFileReference; lastKnownFileType = folder.assetcatalog; path = Assets.xcassets; sourceTree = "<group>"; };
		54AD060976AEB359770E134A /* ConnectionReport.swift */ = {isa = PBXFileReference; lastKnownFileType = sourcecode.swift; path = ConnectionReport.swift; sourceTree = "<group>"; };
		54B78245B4410AB09F5B6E47 /* VPNConfigFailure.swift */ = {isa = PBXFileReference; lastKnownFileType = sourcecode.swift; path = VPNConfigFailure.swift; sourceTree = "<group>"; };
		58612E89BCBF7234C05D3831 /* VPNLiveActivity.swift */ = {isa = PBXFileReference; lastKnownFileType = sourcecode.swift; path = VPNLiveActivity.swift; sourceTree = "<group>"; };
		605ED1D89D0F1886A8414767 /* NetworkExtension.framework */ = {isa = PBXFileReference; lastKnownFileType = wrapper.framework; name = NetworkExtension.framework; path = System/Library/Frameworks/NetworkExtension.framework; sourceTree = SDKROOT; };
		642EE859E329B8CA42D7FEB6 /* SpeedTestPath.swift */ = {isa = PBXFileReference; lastKnownFileType = sourcecode.swift; path = SpeedTestPath.swift; sourceTree = "<group>"; };
		659F62CE4BD2601F9F460E16 /* SpeedTestResultView.swift */ = {isa = PBXFileReference; lastKnownFileType = sourcecode.swift; path = SpeedTestResultView.swift; sourceTree = "<group>"; };
		6D9ADA67065E63261009BBE2 /* KeyboardDismisser.swift */ = {isa = PBXFileReference; lastKnownFileType = sourcecode.swift; path = KeyboardDismisser.swift; sourceTree = "<group>"; };
		6F8FEAB45E642DBC5ACA8FF7 /* SpeedTestLog.swift */ = {isa = PBXFileReference; lastKnownFileType = sourcecode.swift; path = SpeedTestLog.swift; sourceTree = "<group>"; };
		7342F754F29FF238732D4C8A /* VKTurnProxy.app */ = {isa = PBXFileReference; includeInIndex = 0; lastKnownFileType = wrapper.application; path = VKTurnProxy.app; sourceTree = BUILT_PRODUCTS_DIR; };
		7C7ECFED5F30EC971C412EFC /* SpeedTestServerPicker.swift */ = {isa = PBXFileReference; lastKnownFileType = sourcecode.swift; path = SpeedTestServerPicker.swift; sourceTree = "<group>"; };
		833BDC3A0FA5D02DCB09DB59 /* ServerProfile.swift */ = {isa = PBXFileReference; lastKnownFileType = sourcecode.swift; path = ServerProfile.swift; sourceTree = "<group>"; };
		8B1A512B35CE1D505CB1A3CD /* LiveActivityController.swift */ = {isa = PBXFileReference; lastKnownFileType = sourcecode.swift; path = LiveActivityController.swift; sourceTree = "<group>"; };
		975F526A4188951C5B37166D /* ConnectionLinkImport.swift */ = {isa = PBXFileReference; lastKnownFileType = sourcecode.swift; path = ConnectionLinkImport.swift; sourceTree = "<group>"; };
		99E2AC40D13D6F8DD598752A /* WireGuardTURN.xcframework */ = {isa = PBXFileReference; lastKnownFileType = wrapper.xcframework; name = WireGuardTURN.xcframework; path = ../WireGuardBridge/build/WireGuardTURN.xcframework; sourceTree = "<group>"; };
		9BFB01AD2F5F70DE3F7A4A8C /* ConnectionLinkInbox.swift */ = {isa = PBXFileReference; lastKnownFileType = sourcecode.swift; path = ConnectionLinkInbox.swift; sourceTree = "<group>"; };
		A01BE3EACAF5D00A44A0D32E /* PacketTunnel.entitlements */ = {isa = PBXFileReference; lastKnownFileType = text.plist.entitlements; path = PacketTunnel.entitlements; sourceTree = "<group>"; };
		A3F6AB47B5515172AD460053 /* ContentView.swift */ = {isa = PBXFileReference; lastKnownFileType = sourcecode.swift; path = ContentView.swift; sourceTree = "<group>"; };
		A54CED450E2D5EC00BF655D8 /* SessionServer.swift */ = {isa = PBXFileReference; lastKnownFileType = sourcecode.swift; path = SessionServer.swift; sourceTree = "<group>"; };
		A648919F90B0D8CBE826BC6E /* SharedLogger.swift */ = {isa = PBXFileReference; lastKnownFileType = sourcecode.swift; path = SharedLogger.swift; sourceTree = "<group>"; };
		A8330245254538EE46DB7157 /* VKOAuthWebView.swift */ = {isa = PBXFileReference; lastKnownFileType = sourcecode.swift; path = VKOAuthWebView.swift; sourceTree = "<group>"; };
		ABD27AB0E7EC764C51D52D10 /* BridgeHeader.h */ = {isa = PBXFileReference; lastKnownFileType = sourcecode.c.h; path = BridgeHeader.h; sourceTree = "<group>"; };
		AC23EC10E8345DCDF502ACA0 /* AdvancedView.swift */ = {isa = PBXFileReference; lastKnownFileType = sourcecode.swift; path = AdvancedView.swift; sourceTree = "<group>"; };
		AD358E048E7135E1596359E1 /* AppConfig.swift */ = {isa = PBXFileReference; lastKnownFileType = sourcecode.swift; path = AppConfig.swift; sourceTree = "<group>"; };
		B15C079F499D57B27E1635DE /* VKAuthWebView.swift */ = {isa = PBXFileReference; lastKnownFileType = sourcecode.swift; path = VKAuthWebView.swift; sourceTree = "<group>"; };
		B579DDFDDB7800E681CAC9C4 /* OSLogReader.swift */ = {isa = PBXFileReference; lastKnownFileType = sourcecode.swift; path = OSLogReader.swift; sourceTree = "<group>"; };
		B72BF34DDA41B9171843CDA5 /* CredCache.swift */ = {isa = PBXFileReference; lastKnownFileType = sourcecode.swift; path = CredCache.swift; sourceTree = "<group>"; };
		B9126F72D30AE6D3503CC167 /* VKTurnProxyWidgetBundle.swift */ = {isa = PBXFileReference; lastKnownFileType = sourcecode.swift; path = VKTurnProxyWidgetBundle.swift; sourceTree = "<group>"; };
		C3A5B4FA5218B9A32CDB5F78 /* SwiftUI.framework */ = {isa = PBXFileReference; lastKnownFileType = wrapper.framework; name = SwiftUI.framework; path = System/Library/Frameworks/SwiftUI.framework; sourceTree = SDKROOT; };
		C80CE8603F45C625FABAC090 /* TunnelMTU.swift */ = {isa = PBXFileReference; lastKnownFileType = sourcecode.swift; path = TunnelMTU.swift; sourceTree = "<group>"; };
		CFF216A96C8B2716DA861C50 /* LiveActivityIntents.swift */ = {isa = PBXFileReference; lastKnownFileType = sourcecode.swift; path = LiveActivityIntents.swift; sourceTree = "<group>"; };
		D5927A5725339CB3E0F08E4B /* VKCookieStore.swift */ = {isa = PBXFileReference; lastKnownFileType = sourcecode.swift; path = VKCookieStore.swift; sourceTree = "<group>"; };
		DC7C5DA2979EF658A4117B58 /* SpeedTestServerList.swift */ = {isa = PBXFileReference; lastKnownFileType = sourcecode.swift; path = SpeedTestServerList.swift; sourceTree = "<group>"; };
		DDB21244CBAB1A5B17A5CF06 /* WidgetKit.framework */ = {isa = PBXFileReference; lastKnownFileType = wrapper.framework; name = WidgetKit.framework; path = System/Library/Frameworks/WidgetKit.framework; sourceTree = SDKROOT; };
		E28ACD6367F3CDE026C71A36 /* PacketTunnel.appex */ = {isa = PBXFileReference; includeInIndex = 0; lastKnownFileType = "wrapper.app-extension"; path = PacketTunnel.appex; sourceTree = BUILT_PRODUCTS_DIR; };
		E74B178DC212A229BC8565F4 /* TunnelManager.swift */ = {isa = PBXFileReference; lastKnownFileType = sourcecode.swift; path = TunnelManager.swift; sourceTree = "<group>"; };
		EB135B4462CB26B12E38DA9E /* SpeedTestRunConfig.swift */ = {isa = PBXFileReference; lastKnownFileType = sourcecode.swift; path = SpeedTestRunConfig.swift; sourceTree = "<group>"; };
		EB18A0573ABD15BB23B9E7D7 /* VKCallsAPI.swift */ = {isa = PBXFileReference; lastKnownFileType = sourcecode.swift; path = VKCallsAPI.swift; sourceTree = "<group>"; };
		F16CAECB3D91AC18F93D32C0 /* Info.plist */ = {isa = PBXFileReference; lastKnownFileType = text.plist; path = Info.plist; sourceTree = "<group>"; };
		FC7905B75584E8ECB5B29CDF /* ServerStore.swift */ = {isa = PBXFileReference; lastKnownFileType = sourcecode.swift; path = ServerStore.swift; sourceTree = "<group>"; };
		FDE10D4B4A2BE32E0DD5E3D4 /* VKTurnProxyApp.swift */ = {isa = PBXFileReference; lastKnownFileType = sourcecode.swift; path = VKTurnProxyApp.swift; sourceTree = "<group>"; };
/* End PBXFileReference section */

/* Begin PBXFrameworksBuildPhase section */
		114FF967C949E675E2447A90 /* Frameworks */ = {
			isa = PBXFrameworksBuildPhase;
			buildActionMask = 2147483647;
			files = (
				1B2231DF1954F65A65A76DF6 /* WireGuardTURN.xcframework in Frameworks */,
				7D5BE8912D686FBFB3143EA1 /* NetworkExtension.framework in Frameworks */,
			);
			runOnlyForDeploymentPostprocessing = 0;
		};
		EB88CF3FE0288AD6A250C571 /* Frameworks */ = {
			isa = PBXFrameworksBuildPhase;
			buildActionMask = 2147483647;
			files = (
				7EB391317C3311B5283FC9AD /* WidgetKit.framework in Frameworks */,
				C9769AD0AB647DBA7F10F174 /* SwiftUI.framework in Frameworks */,
				6795B707AE033110D01EB135 /* AppIntents.framework in Frameworks */,
			);
			runOnlyForDeploymentPostprocessing = 0;
		};
		FDD4D50B4A2B8A282D81AE78 /* Frameworks */ = {
			isa = PBXFrameworksBuildPhase;
			buildActionMask = 2147483647;
			files = (
				F32EA8BA9CCC4E95BD4DFA12 /* NetworkExtension.framework in Frameworks */,
				302CCA96A99CD22B03E23267 /* AppIntents.framework in Frameworks */,
				0470680ADE2F45AF53C9277D /* WireGuardTURN.xcframework in Frameworks */,
			);
			runOnlyForDeploymentPostprocessing = 0;
		};
/* End PBXFrameworksBuildPhase section */

/* Begin PBXGroup section */
		05D165AC8B5B42686D871C6C /* PacketTunnel */ = {
			isa = PBXGroup;
			children = (
				ABD27AB0E7EC764C51D52D10 /* BridgeHeader.h */,
				F16CAECB3D91AC18F93D32C0 /* Info.plist */,
				A01BE3EACAF5D00A44A0D32E /* PacketTunnel.entitlements */,
				4D06132B25271A4E9DA8F0C6 /* PacketTunnelProvider.swift */,
				1C7C4C08873404E9AB6C562A /* ProxyConfigRedaction.swift */,
				0637E9F13ED224A520932604 /* TunnelBackend.swift */,
			);
			path = PacketTunnel;
			sourceTree = "<group>";
		};
		150D6D20AA77CA102C2B0119 /* Products */ = {
			isa = PBXGroup;
			children = (
				E28ACD6367F3CDE026C71A36 /* PacketTunnel.appex */,
				7342F754F29FF238732D4C8A /* VKTurnProxy.app */,
				196C853F06BE5F3D3202EA2D /* VKTurnProxyWidget.appex */,
			);
			name = Products;
			sourceTree = "<group>";
		};
		5FBB81F3908F682FDE2F7189 = {
			isa = PBXGroup;
			children = (
				05D165AC8B5B42686D871C6C /* PacketTunnel */,
				9C68AA12FFBB168491B35540 /* VKTurnProxy */,
				F98AE32672CE1A5BDA5EE69D /* VKTurnProxyWidget */,
				B6F1BD8B36C56C6FC2673195 /* Frameworks */,
				150D6D20AA77CA102C2B0119 /* Products */,
			);
			sourceTree = "<group>";
		};
		9C68AA12FFBB168491B35540 /* VKTurnProxy */ = {
			isa = PBXGroup;
			children = (
				AC23EC10E8345DCDF502ACA0 /* AdvancedView.swift */,
				AD358E048E7135E1596359E1 /* AppConfig.swift */,
				0725E9EC1D6D9B4E406EB36B /* AppEntitlements.swift */,
				50685ED014984982ABF8CF0C /* Assets.xcassets */,
				4D13B015BF30B930DDDB8BBF /* BackupManager.swift */,
				00AF3235469FAE0005F97B29 /* BridgeHeader.h */,
				0ACB6146869BD6DC55039EC2 /* ConfigValidation.swift */,
				975F526A4188951C5B37166D /* ConnectionLinkImport.swift */,
				9BFB01AD2F5F70DE3F7A4A8C /* ConnectionLinkInbox.swift */,
				54AD060976AEB359770E134A /* ConnectionReport.swift */,
				A3F6AB47B5515172AD460053 /* ContentView.swift */,
				B72BF34DDA41B9171843CDA5 /* CredCache.swift */,
				0E39A2C99999A2CD35D462DF /* DirectOutcome.swift */,
				1282B32632D21838CCD72924 /* DirectRouteSync.swift */,
				146B18C17C1A93DCF5F73315 /* DisconnectReason.swift */,
				3979E0E80EBC90588B51D4A5 /* Info.plist */,
				6D9ADA67065E63261009BBE2 /* KeyboardDismisser.swift */,
				8B1A512B35CE1D505CB1A3CD /* LiveActivityController.swift */,
				CFF216A96C8B2716DA861C50 /* LiveActivityIntents.swift */,
				B579DDFDDB7800E681CAC9C4 /* OSLogReader.swift */,
				41B2D2BACDE5E78E1E2E72C2 /* RoutingShortcuts.swift */,
				16894D17BB018EECDC8F01FF /* ServerEditView.swift */,
				833BDC3A0FA5D02DCB09DB59 /* ServerProfile.swift */,
				FC7905B75584E8ECB5B29CDF /* ServerStore.swift */,
				A54CED450E2D5EC00BF655D8 /* SessionServer.swift */,
				A648919F90B0D8CBE826BC6E /* SharedLogger.swift */,
				6F8FEAB45E642DBC5ACA8FF7 /* SpeedTestLog.swift */,
				642EE859E329B8CA42D7FEB6 /* SpeedTestPath.swift */,
				659F62CE4BD2601F9F460E16 /* SpeedTestResultView.swift */,
				EB135B4462CB26B12E38DA9E /* SpeedTestRunConfig.swift */,
				36E73E0DF37AA0D09E935FC6 /* SpeedTestRunner.swift */,
				DC7C5DA2979EF658A4117B58 /* SpeedTestServerList.swift */,
				7C7ECFED5F30EC971C412EFC /* SpeedTestServerPicker.swift */,
				45D5497E7CB6997DF2AEBA06 /* SpeedTestView.swift */,
				2ED7D00C3274E16741E0FFE0 /* SpeedTestWire.swift */,
				E74B178DC212A229BC8565F4 /* TunnelManager.swift */,
				C80CE8603F45C625FABAC090 /* TunnelMTU.swift */,
				422D7F513A45A12E8A142AA1 /* UplinkPace.swift */,
				2842251868A37320A5C238F2 /* UplinkPaceSync.swift */,
				3E54813375C73B53E9094558 /* UplinkSynth.swift */,
				B15C079F499D57B27E1635DE /* VKAuthWebView.swift */,
				EB18A0573ABD15BB23B9E7D7 /* VKCallsAPI.swift */,
				D5927A5725339CB3E0F08E4B /* VKCookieStore.swift */,
				A8330245254538EE46DB7157 /* VKOAuthWebView.swift */,
				48CEB6CB28E1CC064B6D8C79 /* VKProfileCache.swift */,
				12A7A42ADDB7D021CA9C8352 /* VKTurnProxy.entitlements */,
				FDE10D4B4A2BE32E0DD5E3D4 /* VKTurnProxyApp.swift */,
				284043E2EA6CAC284FF241D3 /* VPNActivityAttributes.swift */,
				54B78245B4410AB09F5B6E47 /* VPNConfigFailure.swift */,
			);
			path = VKTurnProxy;
			sourceTree = "<group>";
		};
		B6F1BD8B36C56C6FC2673195 /* Frameworks */ = {
			isa = PBXGroup;
			children = (
				41F2E4485000AF848A0CFE03 /* AppIntents.framework */,
				605ED1D89D0F1886A8414767 /* NetworkExtension.framework */,
				C3A5B4FA5218B9A32CDB5F78 /* SwiftUI.framework */,
				DDB21244CBAB1A5B17A5CF06 /* WidgetKit.framework */,
				99E2AC40D13D6F8DD598752A /* WireGuardTURN.xcframework */,
			);
			name = Frameworks;
			sourceTree = "<group>";
		};
		F98AE32672CE1A5BDA5EE69D /* VKTurnProxyWidget */ = {
			isa = PBXGroup;
			children = (
				17FC00C95995BA91DADA2EB3 /* Info.plist */,
				B9126F72D30AE6D3503CC167 /* VKTurnProxyWidgetBundle.swift */,
				58612E89BCBF7234C05D3831 /* VPNLiveActivity.swift */,
			);
			path = VKTurnProxyWidget;
			sourceTree = "<group>";
		};
/* End PBXGroup section */

/* Begin PBXNativeTarget section */
		41C7426A4820CE681FCBDC8E /* VKTurnProxy */ = {
			isa = PBXNativeTarget;
			buildConfigurationList = 1EE330B93CD2DA7A4D1D289C /* Build configuration list for PBXNativeTarget "VKTurnProxy" */;
			buildPhases = (
				DDF7D137E68B787F0672E4CA /* Sources */,
				B67F24B52097C82D38E1E6A8 /* Resources */,
				FDD4D50B4A2B8A282D81AE78 /* Frameworks */,
				2350F4F39BFDD430EFA37AAC /* Embed Foundation Extensions */,
			);
			buildRules = (
			);
			dependencies = (
				0970FFC8ED62B8D5E5A59EEE /* PBXTargetDependency */,
				07A5B4C01C7439F0DACE949A /* PBXTargetDependency */,
			);
			name = VKTurnProxy;
			packageProductDependencies = (
			);
			productName = VKTurnProxy;
			productReference = 7342F754F29FF238732D4C8A /* VKTurnProxy.app */;
			productType = "com.apple.product-type.application";
		};
		9D905D7FE59C8989EDCF21EC /* VKTurnProxyWidget */ = {
			isa = PBXNativeTarget;
			buildConfigurationList = AD154C9C970166226DA52665 /* Build configuration list for PBXNativeTarget "VKTurnProxyWidget" */;
			buildPhases = (
				D14A8AA04CE4C1467C181C4F /* Sources */,
				EB88CF3FE0288AD6A250C571 /* Frameworks */,
			);
			buildRules = (
			);
			dependencies = (
			);
			name = VKTurnProxyWidget;
			packageProductDependencies = (
			);
			productName = VKTurnProxyWidget;
			productReference = 196C853F06BE5F3D3202EA2D /* VKTurnProxyWidget.appex */;
			productType = "com.apple.product-type.app-extension";
		};
		DC014AC2B8038EB7433CDED3 /* PacketTunnel */ = {
			isa = PBXNativeTarget;
			buildConfigurationList = A122D85CEA5800B49878FEA2 /* Build configuration list for PBXNativeTarget "PacketTunnel" */;
			buildPhases = (
				00033807B895DA426D3747A8 /* Sources */,
				114FF967C949E675E2447A90 /* Frameworks */,
			);
			buildRules = (
			);
			dependencies = (
			);
			name = PacketTunnel;
			packageProductDependencies = (
			);
			productName = PacketTunnel;
			productReference = E28ACD6367F3CDE026C71A36 /* PacketTunnel.appex */;
			productType = "com.apple.product-type.app-extension";
		};
/* End PBXNativeTarget section */

/* Begin PBXProject section */
		5024C6C147B3FDF72E10E537 /* Project object */ = {
			isa = PBXProject;
			attributes = {
				BuildIndependentTargetsInParallel = YES;
				LastUpgradeCheck = 1620;
				TargetAttributes = {
					41C7426A4820CE681FCBDC8E = {
						DevelopmentTeam = CDMQ33VFQC;
						ProvisioningStyle = Automatic;
					};
					9D905D7FE59C8989EDCF21EC = {
						DevelopmentTeam = CDMQ33VFQC;
						ProvisioningStyle = Automatic;
					};
					DC014AC2B8038EB7433CDED3 = {
						DevelopmentTeam = CDMQ33VFQC;
						ProvisioningStyle = Automatic;
					};
				};
			};
			buildConfigurationList = A19B76F5B4AEC0D6FAAB8FE2 /* Build configuration list for PBXProject "VKTurnProxy" */;
			developmentRegion = en;
			hasScannedForEncodings = 0;
			knownRegions = (
				Base,
				en,
			);
			mainGroup = 5FBB81F3908F682FDE2F7189;
			minimizedProjectReferenceProxies = 1;
			preferredProjectObjectVersion = 77;
			productRefGroup = 150D6D20AA77CA102C2B0119 /* Products */;
			projectDirPath = "";
			projectRoot = "";
			targets = (
				DC014AC2B8038EB7433CDED3 /* PacketTunnel */,
				41C7426A4820CE681FCBDC8E /* VKTurnProxy */,
				9D905D7FE59C8989EDCF21EC /* VKTurnProxyWidget */,
			);
		};
/* End PBXProject section */

/* Begin PBXResourcesBuildPhase section */
		B67F24B52097C82D38E1E6A8 /* Resources */ = {
			isa = PBXResourcesBuildPhase;
			buildActionMask = 2147483647;
			files = (
				5474956678AC676C6E7AE2E6 /* Assets.xcassets in Resources */,
			);
			runOnlyForDeploymentPostprocessing = 0;
		};
/* End PBXResourcesBuildPhase section */

/* Begin PBXSourcesBuildPhase section */
		00033807B895DA426D3747A8 /* Sources */ = {
			isa = PBXSourcesBuildPhase;
			buildActionMask = 2147483647;
			files = (
				F11AED7C7036E8FA47F81179 /* AppEntitlements.swift in Sources */,
				E81C2A079BD562EA18ED30FF /* DirectRouteSync.swift in Sources */,
				90CBABBC0C21BE682CF22ACF /* OSLogReader.swift in Sources */,
				B1B5B221672B08CCCC35BE51 /* PacketTunnelProvider.swift in Sources */,
				69634039BA6025FF5BECEBF7 /* ProxyConfigRedaction.swift in Sources */,
				3F33AE79B74735B536FE1D31 /* SharedLogger.swift in Sources */,
				EC655ABF39382FEE687B5F44 /* TunnelBackend.swift in Sources */,
				6481DAB30DAF3572C55089E0 /* TunnelMTU.swift in Sources */,
				4CED034D8AD400C0702E369A /* VKCookieStore.swift in Sources */,
			);
			runOnlyForDeploymentPostprocessing = 0;
		};
		D14A8AA04CE4C1467C181C4F /* Sources */ = {
			isa = PBXSourcesBuildPhase;
			buildActionMask = 2147483647;
			files = (
				CFADBA590C4935186A057FB9 /* LiveActivityIntents.swift in Sources */,
				3A39EA7CCA17B5386327D0EA /* VKTurnProxyWidgetBundle.swift in Sources */,
				FA901143C99CD52D42FB6916 /* VPNActivityAttributes.swift in Sources */,
				8B3730E4522EA4838D0D2F77 /* VPNLiveActivity.swift in Sources */,
			);
			runOnlyForDeploymentPostprocessing = 0;
		};
		DDF7D137E68B787F0672E4CA /* Sources */ = {
			isa = PBXSourcesBuildPhase;
			buildActionMask = 2147483647;
			files = (
				9AF94263F91A1841F2B88B04 /* AdvancedView.swift in Sources */,
				CBF9B6203060C546C778DABA /* AppConfig.swift in Sources */,
				121CB1E4F13DAA593FF6B4D9 /* AppEntitlements.swift in Sources */,
				FD1864DD0B5915A3945CE086 /* BackupManager.swift in Sources */,
				23FB3FA154A0B74AE5DFB39C /* ConfigValidation.swift in Sources */,
				D51B685C21E726518A413AF3 /* ConnectionLinkImport.swift in Sources */,
				A02BF48D27F1B0BCFADA8912 /* ConnectionLinkInbox.swift in Sources */,
				C283D9BDC8B44E083F84A76B /* ConnectionReport.swift in Sources */,
				96F82C428BBBE30E65182344 /* ContentView.swift in Sources */,
				2263C90DC75E56A0D637B2B4 /* CredCache.swift in Sources */,
				EB460C0EF55043B900C0A58A /* DirectOutcome.swift in Sources */,
				50AF389CBE3BAA5A56C452A6 /* DirectRouteSync.swift in Sources */,
				5A51F39BC5B490E741582E37 /* DisconnectReason.swift in Sources */,
				E0F6CA7385F3718A0A9CD3FC /* KeyboardDismisser.swift in Sources */,
				C272EDFB69425D4F95736DE9 /* LiveActivityController.swift in Sources */,
				3A638CAC10B3F4B84965F83F /* LiveActivityIntents.swift in Sources */,
				9FC59D2A14AA5E66C86F6C95 /* OSLogReader.swift in Sources */,
				7CA072A4E64691BE582D450C /* RoutingShortcuts.swift in Sources */,
				34A869BAE79B9DB63568AC30 /* ServerEditView.swift in Sources */,
				C414EAD88CD3819206A6E93F /* ServerProfile.swift in Sources */,
				6C715D35A7DE938BCED16E7A /* ServerStore.swift in Sources */,
				A5F981BC28E1E88C8DE0F804 /* SessionServer.swift in Sources */,
				F5781EB3D4D7E0467DC2A5F5 /* SharedLogger.swift in Sources */,
				82CCE35CF361F2FC25A6388B /* SpeedTestLog.swift in Sources */,
				3D58582FE4875B99820DE058 /* SpeedTestPath.swift in Sources */,
				2258C22D99B69A76D003E18E /* SpeedTestResultView.swift in Sources */,
				999F3FA557EC56BCA1B6E621 /* SpeedTestRunConfig.swift in Sources */,
				9AB3F0D748CDDAD60116724D /* SpeedTestRunner.swift in Sources */,
				4AECEBA5AD6EEA34A18281C0 /* SpeedTestServerList.swift in Sources */,
				A91D8A56BEB9208F5DB59DD6 /* SpeedTestServerPicker.swift in Sources */,
				345D04790140FC9B1A31AC79 /* SpeedTestView.swift in Sources */,
				F267CCB8F5610405E7232543 /* SpeedTestWire.swift in Sources */,
				74676C96495AC72E7D7C7EB5 /* TunnelMTU.swift in Sources */,
				118478458E595AEBEEA20266 /* TunnelManager.swift in Sources */,
				652C39DB65907355CDF83B99 /* UplinkPace.swift in Sources */,
				54BDFA3B7322033AA76D1C66 /* UplinkPaceSync.swift in Sources */,
				162CCBC282209653F9411135 /* UplinkSynth.swift in Sources */,
				548E254EF4C178FACD9DCAF6 /* VKAuthWebView.swift in Sources */,
				F0801AAE2F21FAF8BBED6622 /* VKCallsAPI.swift in Sources */,
				AE025DA7D5CF543AFACF6F20 /* VKCookieStore.swift in Sources */,
				93DB8A55F33CCF80C672B562 /* VKOAuthWebView.swift in Sources */,
				E1250E1BF6D8FBFBCCFB25BF /* VKProfileCache.swift in Sources */,
				5BFFE56605C7A3D0A4672924 /* VKTurnProxyApp.swift in Sources */,
				AACB3A08FC4C5ACF9B5D9FE0 /* VPNActivityAttributes.swift in Sources */,
				55808C77B750142FE667ECDE /* VPNConfigFailure.swift in Sources */,
			);
			runOnlyForDeploymentPostprocessing = 0;
		};
/* End PBXSourcesBuildPhase section */

/* Begin PBXTargetDependency section */
		07A5B4C01C7439F0DACE949A /* PBXTargetDependency */ = {
			isa = PBXTargetDependency;
			target = 9D905D7FE59C8989EDCF21EC /* VKTurnProxyWidget */;
			targetProxy = CC072318DA799AE0CA1302A5 /* PBXContainerItemProxy */;
		};
		0970FFC8ED62B8D5E5A59EEE /* PBXTargetDependency */ = {
			isa = PBXTargetDependency;
			target = DC014AC2B8038EB7433CDED3 /* PacketTunnel */;
			targetProxy = DC1BB6D5C784F7552F468357 /* PBXContainerItemProxy */;
		};
/* End PBXTargetDependency section */

/* Begin XCBuildConfiguration section */
		1551285F9714F8A1EA2F3F46 /* Debug */ = {
			isa = XCBuildConfiguration;
			buildSettings = {
				CURRENT_PROJECT_VERSION = 381;
				INFOPLIST_FILE = VKTurnProxyWidget/Info.plist;
				IPHONEOS_DEPLOYMENT_TARGET = 16.2;
				LD_RUNPATH_SEARCH_PATHS = (
					"$(inherited)",
					"@executable_path/Frameworks",
					"@executable_path/../../Frameworks",
				);
				MARKETING_VERSION = 1.0;
				PRODUCT_BUNDLE_IDENTIFIER = com.vkturnproxy.app.widget;
				SDKROOT = iphoneos;
				SKIP_INSTALL = YES;
				TARGETED_DEVICE_FAMILY = "1,2";
			};
			name = Debug;
		};
		187C51EAE9A8A11FDD60BE52 /* Debug */ = {
			isa = XCBuildConfiguration;
			buildSettings = {
				CODE_SIGN_ENTITLEMENTS = PacketTunnel/PacketTunnel.entitlements;
				CURRENT_PROJECT_VERSION = 381;
				FRAMEWORK_SEARCH_PATHS = (
					"$(inherited)",
					"$(PROJECT_DIR)/../WireGuardBridge/build",
					"\"../WireGuardBridge/build\"",
				);
				INFOPLIST_FILE = PacketTunnel/Info.plist;
				LD_RUNPATH_SEARCH_PATHS = (
					"$(inherited)",
					"@executable_path/Frameworks",
					"@executable_path/../../Frameworks",
				);
				MARKETING_VERSION = 1.0;
				OTHER_LDFLAGS = (
					"-lresolv",
				);
				PRODUCT_BUNDLE_IDENTIFIER = com.vkturnproxy.app.tunnel;
				SDKROOT = iphoneos;
				SKIP_INSTALL = YES;
				SWIFT_OBJC_BRIDGING_HEADER = PacketTunnel/BridgeHeader.h;
				TARGETED_DEVICE_FAMILY = "1,2";
			};
			name = Debug;
		};
		3CFF4F04A3834FD7F0EEF873 /* Debug */ = {
			isa = XCBuildConfiguration;
			buildSettings = {
				ASSETCATALOG_COMPILER_APPICON_NAME = AppIcon;
				CODE_SIGN_ENTITLEMENTS = VKTurnProxy/VKTurnProxy.entitlements;
				CODE_SIGN_IDENTITY = "iPhone Developer";
				CURRENT_PROJECT_VERSION = 381;
				FRAMEWORK_SEARCH_PATHS = (
					"$(inherited)",
					"$(PROJECT_DIR)/../WireGuardBridge/build",
					"\"../WireGuardBridge/build\"",
				);
				INFOPLIST_FILE = VKTurnProxy/Info.plist;
				LD_RUNPATH_SEARCH_PATHS = (
					"$(inherited)",
					"@executable_path/Frameworks",
				);
				MARKETING_VERSION = 1.0;
				OTHER_LDFLAGS = (
					"-lresolv",
				);
				PRODUCT_BUNDLE_IDENTIFIER = com.vkturnproxy.app;
				SDKROOT = iphoneos;
				SWIFT_OBJC_BRIDGING_HEADER = VKTurnProxy/BridgeHeader.h;
				TARGETED_DEVICE_FAMILY = "1,2";
			};
			name = Debug;
		};
		4DB4E82DD69B063B5EFE4CB2 /* Release */ = {
			isa = XCBuildConfiguration;
			buildSettings = {
				CODE_SIGN_ENTITLEMENTS = PacketTunnel/PacketTunnel.entitlements;
				CURRENT_PROJECT_VERSION = 381;
				FRAMEWORK_SEARCH_PATHS = (
					"$(inherited)",
					"$(PROJECT_DIR)/../WireGuardBridge/build",
					"\"../WireGuardBridge/build\"",
				);
				INFOPLIST_FILE = PacketTunnel/Info.plist;
				LD_RUNPATH_SEARCH_PATHS = (
					"$(inherited)",
					"@executable_path/Frameworks",
					"@executable_path/../../Frameworks",
				);
				MARKETING_VERSION = 1.0;
				OTHER_LDFLAGS = (
					"-lresolv",
				);
				PRODUCT_BUNDLE_IDENTIFIER = com.vkturnproxy.app.tunnel;
				SDKROOT = iphoneos;
				SKIP_INSTALL = YES;
				SWIFT_OBJC_BRIDGING_HEADER = PacketTunnel/BridgeHeader.h;
				TARGETED_DEVICE_FAMILY = "1,2";
			};
			name = Release;
		};
		6AD31CFB046892E438EE1322 /* Debug */ = {
			isa = XCBuildConfiguration;
			buildSettings = {
				ALWAYS_SEARCH_USER_PATHS = NO;
				CLANG_ANALYZER_NONNULL = YES;
				CLANG_ANALYZER_NUMBER_OBJECT_CONVERSION = YES_AGGRESSIVE;
				CLANG_CXX_LANGUAGE_STANDARD = "gnu++14";
				CLANG_CXX_LIBRARY = "libc++";
				CLANG_ENABLE_MODULES = YES;
				CLANG_ENABLE_OBJC_ARC = YES;
				CLANG_ENABLE_OBJC_WEAK = YES;
				CLANG_WARN_BLOCK_CAPTURE_AUTORELEASING = YES;
				CLANG_WARN_BOOL_CONVERSION = YES;
				CLANG_WARN_COMMA = YES;
				CLANG_WARN_CONSTANT_CONVERSION = YES;
				CLANG_WARN_DEPRECATED_OBJC_IMPLEMENTATIONS = YES;
				CLANG_WARN_DIRECT_OBJC_ISA_USAGE = YES_ERROR;
				CLANG_WARN_DOCUMENTATION_COMMENTS = YES;
				CLANG_WARN_EMPTY_BODY = YES;
				CLANG_WARN_ENUM_CONVERSION = YES;
				CLANG_WARN_INFINITE_RECURSION = YES;
				CLANG_WARN_INT_CONVERSION = YES;
				CLANG_WARN_NON_LITERAL_NULL_CONVERSION = YES;
				CLANG_WARN_OBJC_IMPLICIT_RETAIN_SELF = YES;
				CLANG_WARN_OBJC_LITERAL_CONVERSION = YES;
				CLANG_WARN_OBJC_ROOT_CLASS = YES_ERROR;
				CLANG_WARN_QUOTED_INCLUDE_IN_FRAMEWORK_HEADER = YES;
				CLANG_WARN_RANGE_LOOP_ANALYSIS = YES;
				CLANG_WARN_STRICT_PROTOTYPES = YES;
				CLANG_WARN_SUSPICIOUS_MOVE = YES;
				CLANG_WARN_UNGUARDED_AVAILABILITY = YES_AGGRESSIVE;
				CLANG_WARN_UNREACHABLE_CODE = YES;
				CLANG_WARN__DUPLICATE_METHOD_MATCH = YES;
				CODE_SIGN_STYLE = Automatic;
				COPY_PHASE_STRIP = NO;
				DEBUG_INFORMATION_FORMAT = dwarf;
				DEVELOPMENT_TEAM = CDMQ33VFQC;
				ENABLE_STRICT_OBJC_MSGSEND = YES;
				ENABLE_TESTABILITY = YES;
				GCC_C_LANGUAGE_STANDARD = gnu11;
				GCC_DYNAMIC_NO_PIC = NO;
				GCC_NO_COMMON_BLOCKS = YES;
				GCC_OPTIMIZATION_LEVEL = 0;
				GCC_PREPROCESSOR_DEFINITIONS = (
					"$(inherited)",
					"DEBUG=1",
				);
				GCC_WARN_64_TO_32_BIT_CONVERSION = YES;
				GCC_WARN_ABOUT_RETURN_TYPE = YES_ERROR;
				GCC_WARN_UNDECLARED_SELECTOR = YES;
				GCC_WARN_UNINITIALIZED_AUTOS = YES_AGGRESSIVE;
				GCC_WARN_UNUSED_FUNCTION = YES;
				GCC_WARN_UNUSED_VARIABLE = YES;
				IPHONEOS_DEPLOYMENT_TARGET = 15.0;
				MTL_ENABLE_DEBUG_INFO = INCLUDE_SOURCE;
				MTL_FAST_MATH = YES;
				ONLY_ACTIVE_ARCH = YES;
				PRODUCT_NAME = "$(TARGET_NAME)";
				SDKROOT = iphoneos;
				SWIFT_ACTIVE_COMPILATION_CONDITIONS = DEBUG;
				SWIFT_OPTIMIZATION_LEVEL = "-Onone";
				SWIFT_VERSION = 5.0;
			};
			name = Debug;
		};
		848A2BACF05A1B10E8306F28 /* Release */ = {
			isa = XCBuildConfiguration;
			buildSettings = {
				ASSETCATALOG_COMPILER_APPICON_NAME = AppIcon;
				CODE_SIGN_ENTITLEMENTS = VKTurnProxy/VKTurnProxy.entitlements;
				CODE_SIGN_IDENTITY = "iPhone Developer";
				CURRENT_PROJECT_VERSION = 381;
				FRAMEWORK_SEARCH_PATHS = (
					"$(inherited)",
					"$(PROJECT_DIR)/../WireGuardBridge/build",
					"\"../WireGuardBridge/build\"",
				);
				INFOPLIST_FILE = VKTurnProxy/Info.plist;
				LD_RUNPATH_SEARCH_PATHS = (
					"$(inherited)",
					"@executable_path/Frameworks",
				);
				MARKETING_VERSION = 1.0;
				OTHER_LDFLAGS = (
					"-lresolv",
				);
				PRODUCT_BUNDLE_IDENTIFIER = com.vkturnproxy.app;
				SDKROOT = iphoneos;
				SWIFT_OBJC_BRIDGING_HEADER = VKTurnProxy/BridgeHeader.h;
				TARGETED_DEVICE_FAMILY = "1,2";
			};
			name = Release;
		};
		C9EC52049256F969AB0E71C8 /* Release */ = {
			isa = XCBuildConfiguration;
			buildSettings = {
				CURRENT_PROJECT_VERSION = 381;
				INFOPLIST_FILE = VKTurnProxyWidget/Info.plist;
				IPHONEOS_DEPLOYMENT_TARGET = 16.2;
				LD_RUNPATH_SEARCH_PATHS = (
					"$(inherited)",
					"@executable_path/Frameworks",
					"@executable_path/../../Frameworks",
				);
				MARKETING_VERSION = 1.0;
				PRODUCT_BUNDLE_IDENTIFIER = com.vkturnproxy.app.widget;
				SDKROOT = iphoneos;
				SKIP_INSTALL = YES;
				TARGETED_DEVICE_FAMILY = "1,2";
			};
			name = Release;
		};
		D8BCE6B26E87112B6AE94007 /* Release */ = {
			isa = XCBuildConfiguration;
			buildSettings = {
				ALWAYS_SEARCH_USER_PATHS = NO;
				CLANG_ANALYZER_NONNULL = YES;
				CLANG_ANALYZER_NUMBER_OBJECT_CONVERSION = YES_AGGRESSIVE;
				CLANG_CXX_LANGUAGE_STANDARD = "gnu++14";
				CLANG_CXX_LIBRARY = "libc++";
				CLANG_ENABLE_MODULES = YES;
				CLANG_ENABLE_OBJC_ARC = YES;
				CLANG_ENABLE_OBJC_WEAK = YES;
				CLANG_WARN_BLOCK_CAPTURE_AUTORELEASING = YES;
				CLANG_WARN_BOOL_CONVERSION = YES;
				CLANG_WARN_COMMA = YES;
				CLANG_WARN_CONSTANT_CONVERSION = YES;
				CLANG_WARN_DEPRECATED_OBJC_IMPLEMENTATIONS = YES;
				CLANG_WARN_DIRECT_OBJC_ISA_USAGE = YES_ERROR;
				CLANG_WARN_DOCUMENTATION_COMMENTS = YES;
				CLANG_WARN_EMPTY_BODY = YES;
				CLANG_WARN_ENUM_CONVERSION = YES;
				CLANG_WARN_INFINITE_RECURSION = YES;
				CLANG_WARN_INT_CONVERSION = YES;
				CLANG_WARN_NON_LITERAL_NULL_CONVERSION = YES;
				CLANG_WARN_OBJC_IMPLICIT_RETAIN_SELF = YES;
				CLANG_WARN_OBJC_LITERAL_CONVERSION = YES;
				CLANG_WARN_OBJC_ROOT_CLASS = YES_ERROR;
				CLANG_WARN_QUOTED_INCLUDE_IN_FRAMEWORK_HEADER = YES;
				CLANG_WARN_RANGE_LOOP_ANALYSIS = YES;
				CLANG_WARN_STRICT_PROTOTYPES = YES;
				CLANG_WARN_SUSPICIOUS_MOVE = YES;
				CLANG_WARN_UNGUARDED_AVAILABILITY = YES_AGGRESSIVE;
				CLANG_WARN_UNREACHABLE_CODE = YES;
				CLANG_WARN__DUPLICATE_METHOD_MATCH = YES;
				CODE_SIGN_STYLE = Automatic;
				COPY_PHASE_STRIP = NO;
				DEBUG_INFORMATION_FORMAT = "dwarf-with-dsym";
				DEVELOPMENT_TEAM = CDMQ33VFQC;
				ENABLE_NS_ASSERTIONS = NO;
				ENABLE_STRICT_OBJC_MSGSEND = YES;
				GCC_C_LANGUAGE_STANDARD = gnu11;
				GCC_NO_COMMON_BLOCKS = YES;
				GCC_WARN_64_TO_32_BIT_CONVERSION = YES;
				GCC_WARN_ABOUT_RETURN_TYPE = YES_ERROR;
				GCC_WARN_UNDECLARED_SELECTOR = YES;
				GCC_WARN_UNINITIALIZED_AUTOS = YES_AGGRESSIVE;
				GCC_WARN_UNUSED_FUNCTION = YES;
				GCC_WARN_UNUSED_VARIABLE = YES;
				IPHONEOS_DEPLOYMENT_TARGET = 15.0;
				MTL_ENABLE_DEBUG_INFO = NO;
				MTL_FAST_MATH = YES;
				PRODUCT_NAME = "$(TARGET_NAME)";
				SDKROOT = iphoneos;
				SWIFT_COMPILATION_MODE = wholemodule;
				SWIFT_OPTIMIZATION_LEVEL = "-O";
				SWIFT_VERSION = 5.0;
			};
			name = Release;
		};
/* End XCBuildConfiguration section */

/* Begin XCConfigurationList section */
		1EE330B93CD2DA7A4D1D289C /* Build configuration list for PBXNativeTarget "VKTurnProxy" */ = {
			isa = XCConfigurationList;
			buildConfigurations = (
				3CFF4F04A3834FD7F0EEF873 /* Debug */,
				848A2BACF05A1B10E8306F28 /* Release */,
			);
			defaultConfigurationIsVisible = 0;
			defaultConfigurationName = Debug;
		};
		A122D85CEA5800B49878FEA2 /* Build configuration list for PBXNativeTarget "PacketTunnel" */ = {
			isa = XCConfigurationList;
			buildConfigurations = (
				187C51EAE9A8A11FDD60BE52 /* Debug */,
				4DB4E82DD69B063B5EFE4CB2 /* Release */,
			);
			defaultConfigurationIsVisible = 0;
			defaultConfigurationName = Debug;
		};
		A19B76F5B4AEC0D6FAAB8FE2 /* Build configuration list for PBXProject "VKTurnProxy" */ = {
			isa = XCConfigurationList;
			buildConfigurations = (
				6AD31CFB046892E438EE1322 /* Debug */,
				D8BCE6B26E87112B6AE94007 /* Release */,
			);
			defaultConfigurationIsVisible = 0;
			defaultConfigurationName = Debug;
		};
		AD154C9C970166226DA52665 /* Build configuration list for PBXNativeTarget "VKTurnProxyWidget" */ = {
			isa = XCConfigurationList;
			buildConfigurations = (
				1551285F9714F8A1EA2F3F46 /* Debug */,
				C9EC52049256F969AB0E71C8 /* Release */,
			);
			defaultConfigurationIsVisible = 0;
			defaultConfigurationName = Debug;
		};
/* End XCConfigurationList section */
	};
	rootObject = 5024C6C147B3FDF72E10E537 /* Project object */;
}
